
Microsoft Visual Studio Solution File, Format Version 12.00
# Visual Studio Version 17
VisualStudioVersion = 17.5.001.0
MinimumVisualStudioVersion = 10.0.40219.1
Project("{2150E333-8FDC-42A3-9474-1A3956D46DE8}") = "csharp-prep", "csharp-prep", "{080F03F9-39E5-4D15-9145-C3CA82C2EF6E}"
EndProject
Project("{9A19103F-16F7-4668-BE54-9A1E7A4F7556}") = "Prep1", "csharp-prep\Prep1\Prep1.csproj", "{521EE8AA-4767-4453-90BD-70365D5983A0}"
EndProject
Project("{9A19103F-16F7-4668-BE54-9A1E7A4F7556}") = "Prep2", "csharp-prep\Prep2\Prep2.csproj", "{408ED952-E2DC-4EB3-9FD2-4C3FA2416148}"
EndProject
Project("{9A19103F-16F7-4668-BE54-9A1E7A4F7556}") = "Prep3", "csharp-prep\Prep3\Prep3.csproj", "{F584647D-B0B1-4482-AC3B-2870D67B2B65}"
EndProject
Project("{9A19103F-16F7-4668-BE54-9A1E7A4F7556}") = "Prep4", "csharp-prep\Prep4\Prep4.csproj", "{FA546BB3-9CAC-482B-9B6D-E088074B95BA}"
EndProject
Project("{9A19103F-16F7-4668-BE54-9A1E7A4F7556}") = "Prep5", "csharp-prep\Prep5\Prep5.csproj", "{526E7A47-E0C7-4398-A514-5C5CFB000240}"
EndProject
Project("{2150E333-8FDC-42A3-9474-1A3956D46DE8}") = "final", "final", "{EBE4D1BB-244C-4B66-BEE9-276DDF487D7B}"
EndProject
Project("{9A19103F-16F7-4668-BE54-9A1E7A4F7556}") = "FinalProject", "final\FinalProject\FinalProject.csproj", "{C7CAE9D6-AE9C-40E9-9FFD-937F0EAE1BEA}"
EndProject
Project("{9A19103F-16F7-4668-BE54-9A1E7A4F7556}") = "Foundation1", "final\Foundation1\Foundation1.csproj", "{BBB0B978-598B-4FE5-8EDC-B0595020B99D}"
EndProject
Project("{9A19103F-16F7-4668-BE54-9A1E7A4F7556}") = "Foundation2", "final\Foundation2\Foundation2.csproj", "{2C668862-AC52-44DF-A6F2-FD56A95B267D}"
EndProject
Project("{9A19103F-16F7-4668-BE54-9A1E7A4F7556}") = "Foundation3", "final\Foundation3\Foundation3.csproj", "{740EBF29-B861-493F-AFF1-F5A31BEF9462}"
EndProject
Project("{9A19103F-16F7-4668-BE54-9A1E7A4F7556}") = "Foundation4", "final\Foundation4\Foundation4.csproj", "{742F11C5-0582-4C97-A9DB-F081816C741B}"
EndProject
Project("{2150E333-8FDC-42A3-9474-1A3956D46DE8}") = "prepare", "prepare", "{2690A122-B93E-46A1-8503-D0540E33B7E3}"
EndProject
Project("{9A19103F-16F7-4668-BE54-9A1E7A4F7556}") = "Learning02", "prepare\Learning02\Learning02.csproj", "{E60235D8-6581-4765-BE19-C7673D15918F}"
EndProject
Project("{9A19103F-16F7-4668-BE54-9A1E7A4F7556}") = "Learning03", "prepare\Learning03\Learning03.csproj", "{E237BAD6-CD06-4FD4-A4E6-0477FF1BCC7F}"
EndProject
Project("{9A19103F-16F7-4668-BE54-9A1E7A4F7556}") = "Learning04", "prepare\Learning04\Learning04.csproj", "{0B2B8CC4-49CB-475C-88D5-917637F583BB}"
EndProject
Project("{9A19103F-16F7-4668-BE54-9A1E7A4F7556}") = "Learning05", "prepare\Learning05\Learning05.csproj", "{4F8CE921-5DE3-48D0-9B48-FB58552EA604}"
EndProject
Project("{2150E333-8FDC-42A3-9474-1A3956D46DE8}") = "prove", "prove", "{9FFC1D76-260E-4986-BD3F-D9F42735C7E8}"
EndProject
Project("{9A19103F-16F7-4668-BE54-9A1E7A4F7556}") = "Develop02", "prove\Develop02\Develop02.csproj", "{4209FF72-83EF-43DA-B13F-4936DC3D424A}"
EndProject
Project("{9A19103F-16F7-4668-BE54-9A1E7A4F7556}") = "Develop03", "prove\Develop03\Develop03.csproj", "{C9F4279F-9392-4746-BF11-6B43954A4580}"
EndProject
Project("{9A19103F-16F7-4668-BE54-9A1E7A4F7556}") = "Develop04", "prove\Develop04\Develop04.csproj", "{792B29A8-CD44-4A17-B5A1-EEB80C22F07C}"
EndProject
Project("{9A19103F-16F7-4668-BE54-9A1E7A4F7556}") = "Develop05", "prove\Develop05\Develop05.csproj", "{28DEF4F2-3AD9-4E3A-8C80-E50F29FD1FAB}"
EndProject
Project("{2150E333-8FDC-42A3-9474-1A3956D46DE8}") = "sandbox", "sandbox", "{D4EDCA10-C7C2-4DB6-B1BC-B88A6AA1C90E}"
EndProject
Project("{9A19103F-16F7-4668-BE54-9A1E7A4F7556}") = "Sandbox", "sandbox\Sandbox\Sandbox.csproj", "{A25EEE29-94D3-4B8F-ABB6-E31C658AAE22}"
EndProject
Global
	GlobalSection(SolutionConfigurationPlatforms) = preSolution
		Debug|Any CPU = Debug|Any CPU
		Release|Any CPU = Release|Any CPU
	EndGlobalSection
	GlobalSection(ProjectConfigurationPlatforms) = postSolution
		{521EE8AA-4767-4453-90BD-70365D5983A0}.Debug|Any CPU.ActiveCfg = Debug|Any CPU
		{521EE8AA-4767-4453-90BD-70365D5983A0}.Debug|Any CPU.Build.0 = Debug|Any CPU
		{521EE8AA-4767-4453-90BD-70365D5983A0}.Release|Any CPU.ActiveCfg = Release|Any CPU
		{521EE8AA-4767-4453-90BD-70365D5983A0}.Release|Any CPU.Build.0 = Release|Any CPU
		{408ED952-E2DC-4EB3-9FD2-4C3FA2416148}.Debug|Any CPU.ActiveCfg = Debug|Any CPU
		{408ED952-E2DC-4EB3-9FD2-4C3FA2416148}.Debug|Any CPU.Build.0 = Debug|Any CPU
		{408ED952-E2DC-4EB3-9FD2-4C3FA2416148}.Release|Any CPU.ActiveCfg = Release|Any CPU
		{408ED952-E2DC-4EB3-9FD2-4C3FA2416148}.Release|Any CPU.Build.0 = Release|Any CPU
		{F584647D-B0B1-4482-AC3B-2870D67B2B65}.Debug|Any CPU.ActiveCfg = Debug|Any CPU
		{F584647D-B0B1-4482-AC3B-2870D67B2B65}.Debug|Any CPU.Build.0 = Debug|Any CPU
		{F584647D-B0B1-4482-AC3B-2870D67B2B65}.Release|Any CPU.ActiveCfg = Release|Any CPU
		{F584647D-B0B1-4482-AC3B-2870D67B2B65}.Release|Any CPU.Build.0 = Release|Any CPU
		{FA546BB3-9CAC-482B-9B6D-E088074B95BA}.Debug|Any CPU.ActiveCfg = Debug|Any CPU
		{FA546BB3-9CAC-482B-9B6D-E088074B95BA}.Debug|Any CPU.Build.0 = Debug|Any CPU
		{FA546BB3-9CAC-482B-9B6D-E088074B95BA}.Release|Any CPU.ActiveCfg = Release|Any CPU
		{FA546BB3-9CAC-482B-9B6D-E088074B95BA}.Release|Any CPU.Build.0 = Release|Any CPU
		{526E7A47-E0C7-4398-A514-5C5CFB000240}.Debug|Any CPU.ActiveCfg = Debug|Any CPU
		{526E7A47-E0C7-4398-A514-5C5CFB000240}.Debug|Any CPU.Build.0 = Debug|Any CPU
		{526E7A47-E0C7-4398-A514-5C5CFB000240}.Release|Any CPU.ActiveCfg = Release|Any CPU
		{526E7A47-E0C7-4398-A514-5C5CFB000240}.Release|Any CPU.Build.0 = Release|Any CPU
		{C7CAE9D6-AE9C-40E9-9FFD-937F0EAE1BEA}.Debug|Any CPU.ActiveCfg = Debug|Any CPU
		{C7CAE9D6-AE9C-40E9-9FFD-937F0EAE1BEA}.Debug|Any CPU.Build.0 = Debug|Any CPU
		{C7CAE9D6-AE9C-40E9-9FFD-937F0EAE1BEA}.Release|Any CPU.ActiveCfg = Release|Any CPU
		{C7CAE9D6-AE9C-40E9-9FFD-937F0EAE1BEA}.Release|Any CPU.Build.0 = Release|Any CPU
		{BBB0B978-598B-4FE5-8EDC-B0595020B99D}.Debug|Any CPU.ActiveCfg = Debug|Any CPU
		{BBB0B978-598B-4FE5-8EDC-B0595020B99D}.Debug|Any CPU.Build.0 = Debug|Any CPU
		{BBB0B978-598B-4FE5-8EDC-B0595020B99D}.Release|Any CPU.ActiveCfg = Release|Any CPU
		{BBB0B978-598B-4FE5-8EDC-B0595020B99D}.Release|Any CPU.Build.0 = Release|Any CPU
		{2C668862-AC52-44DF-A6F2-FD56A95B267D}.Debug|Any CPU.ActiveCfg = Debug|Any CPU
		{2C668862-AC52-44DF-A6F2-FD56A95B267D}.Debug|Any CPU.Build.0 = Debug|Any CPU
		{2C668862-AC52-44DF-A6F2-FD56A95B267D}.Release|Any CPU.ActiveCfg = Release|Any CPU
		{2C668862-AC52-44DF-A6F2-FD56A95B267D}.Release|Any CPU.Build.0 = Release|Any CPU
		{740EBF29-B861-493F-AFF1-F5A31BEF9462}.Debug|Any CPU.ActiveCfg = Debug|Any CPU
		{740EBF29-B861-493F-AFF1-F5A31BEF9462}.Debug|Any CPU.Build.0 = Debug|Any CPU
		{740EBF29-B861-493F-AFF1-F5A31BEF9462}.Release|Any CPU.ActiveCfg = Release|Any CPU
		{740EBF29-B861-493F-AFF1-F5A31BEF9462}.Release|Any CPU.Build.0 = Release|Any CPU
		{742F11C5-0582-4C97-A9DB-F081816C741B}.Debug|Any CPU.ActiveCfg = Debug|Any CPU
		{742F11C5-0582-4C97-A9DB-F081816C741B}.Debug|Any CPU.Build.0 = Debug|Any CPU
		{742F11C5-0582-4C97-A9DB-F081816C741B}.Release|Any CPU.ActiveCfg = Release|Any CPU
		{742F11C5-0582-4C97-A9DB-F081816C741B}.Release|Any CPU.Build.0 = Release|Any CPU
		{E60235D8-6581-4765-BE19-C7673D15918F}.Debug|Any CPU.ActiveCfg = Debug|Any CPU
		{E60235D8-6581-4765-BE19-C7673D15918F}.Debug|Any CPU.Build.0 = Debug|Any CPU
		{E60235D8-6581-4765-BE19-C7673D15918F}.Release|Any CPU.ActiveCfg = Release|Any CPU
		{E60235D8-6581-4765-BE19-C7673D15918F}.Release|Any CPU.Build.0 = Release|Any CPU
		{E237BAD6-CD06-4FD4-A4E6-0477FF1BCC7F}.Debug|Any CPU.ActiveCfg = Debug|Any CPU
		{E237BAD6-CD06-4FD4-A4E6-0477FF1BCC7F}.Debug|Any CPU.Build.0 = Debug|Any CPU
		{E237BAD6-CD06-4FD4-A4E6-0477FF1BCC7F}.Release|Any CPU.ActiveCfg = Release|Any CPU
		{E237BAD6-CD06-4FD4-A4E6-0477FF1BCC7F}.Release|Any CPU.Build.0 = Release|Any CPU
		{0B2B8CC4-49CB-475C-88D5-917637F583BB}.Debug|Any CPU.ActiveCfg = Debug|Any CPU
		{0B2B8CC4-49CB-475C-88D5-917637F583BB}.Debug|Any CPU.Build.0 = Debug|Any CPU
		{0B2B8CC4-49CB-475C-88D5-917637F583BB}.Release|Any CPU.ActiveCfg = Release|Any CPU
		{0B2B8CC4-49CB-475C-88D5-917637F583BB}.Release|Any CPU.Build.0 = Release|Any CPU
		{4F8CE921-5DE3-48D0-9B48-FB58552EA604}.Debug|Any CPU.ActiveCfg = Debug|Any CPU
		{4F8CE921-5DE3-48D0-9B48-FB58552EA604}.Debug|Any CPU.Build.0 = Debug|Any CPU
		{4F8CE921-5DE3-48D0-9B48-FB58552EA604}.Release|Any CPU.ActiveCfg = Release|Any CPU
		{4F8CE921-5DE3-48D0-9B48-FB58552EA604}.Release|Any CPU.Build.0 = Release|Any CPU
		{4209FF72-83EF-43DA-B13F-4936DC3D424A}.Debug|Any CPU.ActiveCfg = Debug|Any CPU
		{4209FF72-83EF-43DA-B13F-4936DC3D424A}.Debug|Any CPU.Build.0 = Debug|Any CPU
		{4209FF72-83EF-43DA-B13F-4936DC3D424A}.Release|Any CPU.ActiveCfg = Release|Any CPU
		{4209FF72-83EF-43DA-B13F-4936DC3D424A}.Release|Any CPU.Build.0 = Release|Any CPU
		{C9F4279F-9392-4746-BF11-6B43954A4580}.Debug|Any CPU.ActiveCfg = Debug|Any CPU
		{C9F4279F-9392-4746-BF11-6B43954A4580}.Debug|Any CPU.Build.0 = Debug|Any CPU
		{C9F4279F-9392-4746-BF11-6B43954A4580}.Release|Any CPU.ActiveCfg = Release|Any CPU
		{C9F4279F-9392-4746-BF11-6B43954A4580}.Release|Any CPU.Build.0 = Release|Any CPU
		{792B29A8-CD44-4A17-B5A1-EEB80C22F07C}.Debug|Any CPU.ActiveCfg = Debug|Any CPU
		{792B29A8-CD44-4A17-B5A1-EEB80C22F07C}.Debug|Any CPU.Build.0 = Debug|Any CPU
		{792B29A8-CD44-4A17-B5A1-EEB80C22F07C}.Release|Any CPU.ActiveCfg = Release|Any CPU
		{792B29A8-CD44-4A17-B5A1-EEB80C22F07C}.Release|Any CPU.Build.0 = Release|Any CPU
		{28DEF4F2-3AD9-4E3A-8C80-E50F29FD1FAB}.Debug|Any CPU.ActiveCfg = Debug|Any CPU
		{28DEF4F2-3AD9-4E3A-8C80-E50F29FD1FAB}.Debug|Any CPU.Build.0 = Debug|Any CPU
		{28DEF4F2-3AD9-4E3A-8C80-E50F29FD1FAB}.Release|Any CPU.ActiveCfg = Release|Any CPU
		{28DEF4F2-3AD9-4E3A-8C80-E50F29FD1FAB}.Release|Any CPU.Build.0 = Release|Any CPU
		{A25EEE29-94D3-4B8F-ABB6-E31C658AAE22}.Debug|Any CPU.ActiveCfg = Debug|Any CPU
		{A25EEE29-94D3-4B8F-ABB6-E31C658AAE22}.Debug|Any CPU.Build.0 = Debug|Any CPU
		{A25EEE29-94D3-4B8F-ABB6-E31C658AAE22}.Release|Any CPU.ActiveCfg = Release|Any CPU
		{A25EEE29-94D3-4B8F-ABB6-E31C658AAE22}.Release|Any CPU.Build.0 = Release|Any CPU
	EndGlobalSection
	GlobalSection(SolutionProperties) = preSolution
		HideSolutionNode = FALSE
	EndGlobalSection
	GlobalSection(NestedProjects) = preSolution
		{521EE8AA-4767-4453-90BD-70365D5983A0} = {080F03F9-39E5-4D15-9145-C3CA82C2EF6E}
		{408ED952-E2DC-4EB3-9FD2-4C3FA2416148} = {080F03F9-39E5-4D15-9145-C3CA82C2EF6E}
		{F584647D-B0B1-4482-AC3B-2870D67B2B65} = {080F03F9-39E5-4D15-9145-C3CA82C2EF6E}
		{FA546BB3-9CAC-482B-9B6D-E088074B95BA} = {080F03F9-39E5-4D15-9145-C3CA82C2EF6E}
		{526E7A47-E0C7-4398-A514-5C5CFB000240} = {080F03F9-39E5-4D15-9145-C3CA82C2EF6E}
		{C7CAE9D6-AE9C-40E9-9FFD-937F0EAE1BEA} = {EBE4D1BB-244C-4B66-BEE9-276DDF487D7B}
		{BBB0B978-598B-4FE5-8EDC-B0595020B99D} = {EBE4D1BB-244C-4B66-BEE9-276DDF487D7B}
		{2C668862-AC52-44DF-A6F2-FD56A95B267D} = {EBE4D1BB-244C-4B66-BEE9-276DDF487D7B}
		{740EBF29-B861-493F-AFF1-F5A31BEF9462} = {EBE4D1BB-244C-4B66-BEE9-276DDF487D7B}
		{742F11C5-0582-4C97-A9DB-F081816C741B} = {EBE4D1BB-244C-4B66-BEE9-276DDF487D7B}
		{E60235D8-6581-4765-BE19-C7673D15918F} = {2690A122-B93E-46A1-8503-D0540E33B7E3}
		{E237BAD6-CD06-4FD4-A4E6-0477FF1BCC7F} = {2690A122-B93E-46A1-8503-D0540E33B7E3}
		{0B2B8CC4-49CB-475C-88D5-917637F583BB} = {2690A122-B93E-46A1-8503-D0540E33B7E3}
		{4F8CE921-5DE3-48D0-9B48-FB58552EA604} = {2690A122-B93E-46A1-8503-D0540E33B7E3}
		{4209FF72-83EF-43DA-B13F-4936DC3D424A} = {9FFC1D76-260E-4986-BD3F-D9F42735C7E8}
		{C9F4279F-9392-4746-BF11-6B43954A4580} = {9FFC1D76-260E-4986-BD3F-D9F42735C7E8}
		{792B29A8-CD44-4A17-B5A1-EEB80C22F07C} = {9FFC1D76-260E-4986-BD3F-D9F42735C7E8}
		{28DEF4F2-3AD9-4E3A-8C80-E50F29FD1FAB} = {9FFC1D76-260E-4986-BD3F-D9F42735C7E8}
		{A25EEE29-94D3-4B8F-ABB6-E31C658AAE22} = {D4EDCA10-C7C2-4DB6-B1BC-B88A6AA1C90E}
	EndGlobalSection
	GlobalSection(ExtensibilityGlobals) = postSolution
		SolutionGuid = {037D2BBA-A15B-44C8-8700-A0E2A4624285}
	EndGlobalSection
EndGlobal
